
Microsoft Visual Studio Solution File, Format Version 12.00
# Visual Studio Version 17
VisualStudioVersion = 17.0.31808.319
MinimumVisualStudioVersion = 10.0.40219.1
Project("{9A19103F-16F7-4668-BE54-9A1E7A4F7556}") = "Common.VNextFramework.EntityFramework", "Common.VNextFramework.EntityFramework\Common.VNextFramework.EntityFramework.csproj", "{7B3F28FF-4D54-4C66-B924-375444B8466B}"
EndProject
Project("{9A19103F-16F7-4668-BE54-9A1E7A4F7556}") = "Common.VNextFramework.Extensions", "Common.VNextFramework.Extensions\Common.VNextFramework.Extensions.csproj", "{91F2BAA2-F170-4A14-96FE-3D4AE73D0282}"
EndProject
Project("{9A19103F-16F7-4668-BE54-9A1E7A4F7556}") = "Common.VNextFramework.Model", "Common.VNextFramework.Model\Common.VNextFramework.Model.csproj", "{49B6EF2C-0FAA-4788-887C-ABD81B7B29C1}"
EndProject
Project("{9A19103F-16F7-4668-BE54-9A1E7A4F7556}") = "Common.VNextFramework.Tools", "Common.VNextFramework.Tools\Common.VNextFramework.Tools.csproj", "{0DBDD4C4-437F-4121-9459-1FC6C60B3433}"
EndProject
Project("{9A19103F-16F7-4668-BE54-9A1E7A4F7556}") = "Common.VNextFramework.Auditing", "Common.VNextFramework.Auditing\Common.VNextFramework.Auditing.csproj", "{C48B21EE-DC4F-4815-8B18-CDCF2A077EBF}"
EndProject
Project("{9A19103F-16F7-4668-BE54-9A1E7A4F7556}") = "Common.VNextFramework.Auditing.AspNetCore", "Common.VNextFramework.Auditing.AspNetCore\Common.VNextFramework.Auditing.AspNetCore.csproj", "{EE138035-206B-4EF1-BBBF-5F781BAA136D}"
EndProject
Project("{9A19103F-16F7-4668-BE54-9A1E7A4F7556}") = "Common.VNextFramework.AuditLogging.EntityFrameworkCore", "Common.VNextFramework.AuditLogging.EntityFrameworkCore\Common.VNextFramework.AuditLogging.EntityFrameworkCore.csproj", "{31025842-1DED-4B05-9525-174210C4E8AF}"
EndProject
Project("{9A19103F-16F7-4668-BE54-9A1E7A4F7556}") = "Common.VNextFramework.AuditLogging.EntityFrameworkCore.SqlServer", "Common.VNextFramework.AuditLogging.EntityFrameworkCore.SqlServer\Common.VNextFramework.AuditLogging.EntityFrameworkCore.SqlServer.csproj", "{40955452-7BF7-4DC1-B9B7-7D8234BA4501}"
EndProject
Project("{9A19103F-16F7-4668-BE54-9A1E7A4F7556}") = "Common.VNextFramework.Core", "Common.VNextFramework.Core\Common.VNextFramework.Core.csproj", "{457DE90E-4C8F-4C9A-9BDA-C9BEAB8D3066}"
EndProject
Project("{FAE04EC0-301F-11D3-BF4B-00C04F79EFBC}") = "Common.VNextFramework.DistributedLock.Abstractions", "Common.VNextFramework.DistributedLock.Abstractions\Common.VNextFramework.DistributedLock.Abstractions.csproj", "{4886C848-5D51-48D8-9FDA-394581AFE4C6}"
EndProject
Project("{FAE04EC0-301F-11D3-BF4B-00C04F79EFBC}") = "Common.VNextFramework.DistributedLock.Medallion", "Common.VNextFramework.DistributedLock.Medallion\Common.VNextFramework.DistributedLock.Medallion.csproj", "{101700C6-524F-4126-BFDD-CFFF2658259C}"
EndProject
Project("{FAE04EC0-301F-11D3-BF4B-00C04F79EFBC}") = "Common.VNextFramework.DistributedLock.Redis", "Common.VNextFramework.DistributedLock.Redis\Common.VNextFramework.DistributedLock.Redis.csproj", "{BF7B6FDF-E36C-4C24-9654-E4EF1F0D7AF7}"
EndProject
Global
	GlobalSection(SolutionConfigurationPlatforms) = preSolution
		Debug|Any CPU = Debug|Any CPU
		Release|Any CPU = Release|Any CPU
	EndGlobalSection
	GlobalSection(ProjectConfigurationPlatforms) = postSolution
		{7B3F28FF-4D54-4C66-B924-375444B8466B}.Debug|Any CPU.ActiveCfg = Debug|Any CPU
		{7B3F28FF-4D54-4C66-B924-375444B8466B}.Debug|Any CPU.Build.0 = Debug|Any CPU
		{7B3F28FF-4D54-4C66-B924-375444B8466B}.Release|Any CPU.ActiveCfg = Release|Any CPU
		{7B3F28FF-4D54-4C66-B924-375444B8466B}.Release|Any CPU.Build.0 = Release|Any CPU
		{91F2BAA2-F170-4A14-96FE-3D4AE73D0282}.Debug|Any CPU.ActiveCfg = Debug|Any CPU
		{91F2BAA2-F170-4A14-96FE-3D4AE73D0282}.Debug|Any CPU.Build.0 = Debug|Any CPU
		{91F2BAA2-F170-4A14-96FE-3D4AE73D0282}.Release|Any CPU.ActiveCfg = Release|Any CPU
		{91F2BAA2-F170-4A14-96FE-3D4AE73D0282}.Release|Any CPU.Build.0 = Release|Any CPU
		{49B6EF2C-0FAA-4788-887C-ABD81B7B29C1}.Debug|Any CPU.ActiveCfg = Debug|Any CPU
		{49B6EF2C-0FAA-4788-887C-ABD81B7B29C1}.Debug|Any CPU.Build.0 = Debug|Any CPU
		{49B6EF2C-0FAA-4788-887C-ABD81B7B29C1}.Release|Any CPU.ActiveCfg = Release|Any CPU
		{49B6EF2C-0FAA-4788-887C-ABD81B7B29C1}.Release|Any CPU.Build.0 = Release|Any CPU
		{0DBDD4C4-437F-4121-9459-1FC6C60B3433}.Debug|Any CPU.ActiveCfg = Debug|Any CPU
		{0DBDD4C4-437F-4121-9459-1FC6C60B3433}.Debug|Any CPU.Build.0 = Debug|Any CPU
		{0DBDD4C4-437F-4121-9459-1FC6C60B3433}.Release|Any CPU.ActiveCfg = Release|Any CPU
		{0DBDD4C4-437F-4121-9459-1FC6C60B3433}.Release|Any CPU.Build.0 = Release|Any CPU
		{C48B21EE-DC4F-4815-8B18-CDCF2A077EBF}.Debug|Any CPU.ActiveCfg = Debug|Any CPU
		{C48B21EE-DC4F-4815-8B18-CDCF2A077EBF}.Debug|Any CPU.Build.0 = Debug|Any CPU
		{C48B21EE-DC4F-4815-8B18-CDCF2A077EBF}.Release|Any CPU.ActiveCfg = Release|Any CPU
		{C48B21EE-DC4F-4815-8B18-CDCF2A077EBF}.Release|Any CPU.Build.0 = Release|Any CPU
		{EE138035-206B-4EF1-BBBF-5F781BAA136D}.Debug|Any CPU.ActiveCfg = Debug|Any CPU
		{EE138035-206B-4EF1-BBBF-5F781BAA136D}.Debug|Any CPU.Build.0 = Debug|Any CPU
		{EE138035-206B-4EF1-BBBF-5F781BAA136D}.Release|Any CPU.ActiveCfg = Release|Any CPU
		{EE138035-206B-4EF1-BBBF-5F781BAA136D}.Release|Any CPU.Build.0 = Release|Any CPU
		{31025842-1DED-4B05-9525-174210C4E8AF}.Debug|Any CPU.ActiveCfg = Debug|Any CPU
		{31025842-1DED-4B05-9525-174210C4E8AF}.Debug|Any CPU.Build.0 = Debug|Any CPU
		{31025842-1DED-4B05-9525-174210C4E8AF}.Release|Any CPU.ActiveCfg = Release|Any CPU
		{31025842-1DED-4B05-9525-174210C4E8AF}.Release|Any CPU.Build.0 = Release|Any CPU
		{40955452-7BF7-4DC1-B9B7-7D8234BA4501}.Debug|Any CPU.ActiveCfg = Debug|Any CPU
		{40955452-7BF7-4DC1-B9B7-7D8234BA4501}.Debug|Any CPU.Build.0 = Debug|Any CPU
		{40955452-7BF7-4DC1-B9B7-7D8234BA4501}.Release|Any CPU.ActiveCfg = Release|Any CPU
		{40955452-7BF7-4DC1-B9B7-7D8234BA4501}.Release|Any CPU.Build.0 = Release|Any CPU
		{457DE90E-4C8F-4C9A-9BDA-C9BEAB8D3066}.Debug|Any CPU.ActiveCfg = Debug|Any CPU
		{457DE90E-4C8F-4C9A-9BDA-C9BEAB8D3066}.Debug|Any CPU.Build.0 = Debug|Any CPU
		{457DE90E-4C8F-4C9A-9BDA-C9BEAB8D3066}.Release|Any CPU.ActiveCfg = Release|Any CPU
		{457DE90E-4C8F-4C9A-9BDA-C9BEAB8D3066}.Release|Any CPU.Build.0 = Release|Any CPU
		{4886C848-5D51-48D8-9FDA-394581AFE4C6}.Debug|Any CPU.ActiveCfg = Debug|Any CPU
		{4886C848-5D51-48D8-9FDA-394581AFE4C6}.Debug|Any CPU.Build.0 = Debug|Any CPU
		{4886C848-5D51-48D8-9FDA-394581AFE4C6}.Release|Any CPU.ActiveCfg = Release|Any CPU
		{4886C848-5D51-48D8-9FDA-394581AFE4C6}.Release|Any CPU.Build.0 = Release|Any CPU
		{101700C6-524F-4126-BFDD-CFFF2658259C}.Debug|Any CPU.ActiveCfg = Debug|Any CPU
		{101700C6-524F-4126-BFDD-CFFF2658259C}.Debug|Any CPU.Build.0 = Debug|Any CPU
		{101700C6-524F-4126-BFDD-CFFF2658259C}.Release|Any CPU.ActiveCfg = Release|Any CPU
		{101700C6-524F-4126-BFDD-CFFF2658259C}.Release|Any CPU.Build.0 = Release|Any CPU
		{BF7B6FDF-E36C-4C24-9654-E4EF1F0D7AF7}.Debug|Any CPU.ActiveCfg = Debug|Any CPU
		{BF7B6FDF-E36C-4C24-9654-E4EF1F0D7AF7}.Debug|Any CPU.Build.0 = Debug|Any CPU
		{BF7B6FDF-E36C-4C24-9654-E4EF1F0D7AF7}.Release|Any CPU.ActiveCfg = Release|Any CPU
		{BF7B6FDF-E36C-4C24-9654-E4EF1F0D7AF7}.Release|Any CPU.Build.0 = Release|Any CPU
	EndGlobalSection
	GlobalSection(SolutionProperties) = preSolution
		HideSolutionNode = FALSE
	EndGlobalSection
	GlobalSection(ExtensibilityGlobals) = postSolution
		SolutionGuid = {5CE07F25-44C8-421E-B80D-ABDC48E695FC}
	EndGlobalSection
EndGlobal
